
Microsoft Visual Studio Solution File, Format Version 12.00
# Visual Studio Version 17
VisualStudioVersion = 17.13.35931.197
MinimumVisualStudioVersion = 10.0.40219.1
Project("{FAE04EC0-301F-11D3-BF4B-00C04F79EFBC}") = "Kroki", "Kroki\Kroki.csproj", "{2304BD9E-8320-4AC3-913B-73DFB13CDF43}"
EndProject
Project("{FAE04EC0-301F-11D3-BF4B-00C04F79EFBC}") = "Kroki.DependencyInjection", "Kroki.DependencyInjection\Kroki.DependencyInjection.csproj", "{FEBFE704-5369-4195-98E6-6AF43298853B}"
EndProject
Project("{2150E333-8FDC-42A3-9474-1A3956D46DE8}") = "ソリューション項目", "ソリューション項目", "{2022CB0F-8BAF-F49E-0C48-8EF4C96EC109}"
	ProjectSection(SolutionItems) = preProject
		LICENSE.md = LICENSE.md
		README.md = README.md
	EndProjectSection
EndProject
Project("{FAE04EC0-301F-11D3-BF4B-00C04F79EFBC}") = "Kroki.Aspire.Hosting", "Kroki.Aspire.Hosting\Kroki.Aspire.Hosting.csproj", "{0B2C9EC4-2DAF-4839-821F-4A8E6EBFD7D8}"
EndProject
Project("{FAE04EC0-301F-11D3-BF4B-00C04F79EFBC}") = "Kroki.Tests", "Kroki.Tests\Kroki.Tests.csproj", "{529B8C95-1A89-4017-8CE6-2C695C4E7C2F}"
EndProject
Project("{FAE04EC0-301F-11D3-BF4B-00C04F79EFBC}") = "Kroki.Tests.AppHost", "Kroki.Tests.AppHost\Kroki.Tests.AppHost.csproj", "{A3B5E33C-C425-491B-B48C-8C582C20E11F}"
EndProject
Global
	GlobalSection(SolutionConfigurationPlatforms) = preSolution
		Debug|Any CPU = Debug|Any CPU
		Release|Any CPU = Release|Any CPU
	EndGlobalSection
	GlobalSection(ProjectConfigurationPlatforms) = postSolution
		{2304BD9E-8320-4AC3-913B-73DFB13CDF43}.Debug|Any CPU.ActiveCfg = Debug|Any CPU
		{2304BD9E-8320-4AC3-913B-73DFB13CDF43}.Debug|Any CPU.Build.0 = Debug|Any CPU
		{2304BD9E-8320-4AC3-913B-73DFB13CDF43}.Release|Any CPU.ActiveCfg = Release|Any CPU
		{2304BD9E-8320-4AC3-913B-73DFB13CDF43}.Release|Any CPU.Build.0 = Release|Any CPU
		{FEBFE704-5369-4195-98E6-6AF43298853B}.Debug|Any CPU.ActiveCfg = Debug|Any CPU
		{FEBFE704-5369-4195-98E6-6AF43298853B}.Debug|Any CPU.Build.0 = Debug|Any CPU
		{FEBFE704-5369-4195-98E6-6AF43298853B}.Release|Any CPU.ActiveCfg = Release|Any CPU
		{FEBFE704-5369-4195-98E6-6AF43298853B}.Release|Any CPU.Build.0 = Release|Any CPU
		{0B2C9EC4-2DAF-4839-821F-4A8E6EBFD7D8}.Debug|Any CPU.ActiveCfg = Debug|Any CPU
		{0B2C9EC4-2DAF-4839-821F-4A8E6EBFD7D8}.Debug|Any CPU.Build.0 = Debug|Any CPU
		{0B2C9EC4-2DAF-4839-821F-4A8E6EBFD7D8}.Release|Any CPU.ActiveCfg = Release|Any CPU
		{0B2C9EC4-2DAF-4839-821F-4A8E6EBFD7D8}.Release|Any CPU.Build.0 = Release|Any CPU
		{529B8C95-1A89-4017-8CE6-2C695C4E7C2F}.Debug|Any CPU.ActiveCfg = Debug|Any CPU
		{529B8C95-1A89-4017-8CE6-2C695C4E7C2F}.Debug|Any CPU.Build.0 = Debug|Any CPU
		{529B8C95-1A89-4017-8CE6-2C695C4E7C2F}.Release|Any CPU.ActiveCfg = Release|Any CPU
		{529B8C95-1A89-4017-8CE6-2C695C4E7C2F}.Release|Any CPU.Build.0 = Release|Any CPU
		{A3B5E33C-C425-491B-B48C-8C582C20E11F}.Debug|Any CPU.ActiveCfg = Debug|Any CPU
		{A3B5E33C-C425-491B-B48C-8C582C20E11F}.Debug|Any CPU.Build.0 = Debug|Any CPU
		{A3B5E33C-C425-491B-B48C-8C582C20E11F}.Release|Any CPU.ActiveCfg = Release|Any CPU
		{A3B5E33C-C425-491B-B48C-8C582C20E11F}.Release|Any CPU.Build.0 = Release|Any CPU
	EndGlobalSection
	GlobalSection(SolutionProperties) = preSolution
		HideSolutionNode = FALSE
	EndGlobalSection
	GlobalSection(ExtensibilityGlobals) = postSolution
		SolutionGuid = {B8105E6F-7C7B-4D27-AE8A-5535157AE8B0}
	EndGlobalSection
EndGlobal
